
Microsoft Visual Studio Solution File, Format Version 12.00
# Visual Studio Version 17
VisualStudioVersion = 17.5.002.0
MinimumVisualStudioVersion = 10.0.40219.1
Project("{9A19103F-16F7-4668-BE54-9A1E7A4F7556}") = "LearnIHostedLifetimeService", "LearnIHostedLifetimeService.csproj", "{F1D181DC-6FA6-4403-ADA9-A50FEB7A3186}"
EndProject
Global
	GlobalSection(SolutionConfigurationPlatforms) = preSolution
		Debug|Any CPU = Debug|Any CPU
		Release|Any CPU = Release|Any CPU
	EndGlobalSection
	GlobalSection(ProjectConfigurationPlatforms) = postSolution
		{F1D181DC-6FA6-4403-ADA9-A50FEB7A3186}.Debug|Any CPU.ActiveCfg = Debug|Any CPU
		{F1D181DC-6FA6-4403-ADA9-A50FEB7A3186}.Debug|Any CPU.Build.0 = Debug|Any CPU
		{F1D181DC-6FA6-4403-ADA9-A50FEB7A3186}.Release|Any CPU.ActiveCfg = Release|Any CPU
		{F1D181DC-6FA6-4403-ADA9-A50FEB7A3186}.Release|Any CPU.Build.0 = Release|Any CPU
	EndGlobalSection
	GlobalSection(SolutionProperties) = preSolution
		HideSolutionNode = FALSE
	EndGlobalSection
	GlobalSection(ExtensibilityGlobals) = postSolution
		SolutionGuid = {59D99E67-E123-4C80-B484-DC2E79E3EC20}
	EndGlobalSection
EndGlobal
